# This file is automatically @generated by Poetry 2.3.2 and should not be changed by hand.

[[package]]
name = "pyoo"
version = "1.4"
description = "Pythonic interface to Apache OpenOffice API (UNO)"
optional = false
python-versions = "*"
groups = ["main"]
files = [
    {file = "pyoo-1.4-py2-none-any.whl", hash = "sha256:761a3c85cb6c0ee16e36e72280bd5773bac2c2037dd9892d128107a14efef4bc"},
    {file = "pyoo-1.4.tar.gz", hash = "sha256:3e9fb17a616edfdccd122dbaa0e75e86c754f7641470141a5019efcc2d11b2af"},
]

[metadata]
lock-version = "2.1"
python-versions = ">=3.14"
content-hash = "cf176069f4597c9c058f8e0d48352b130118136795d01dd1bf183912ef9eec81"
